
Microsoft Visual Studio Solution File, Format Version 12.00
# Visual Studio 11
Project("{FAE04EC0-301F-11D3-BF4B-00C04F79EFBC}") = "BowlingGame", "BowlingGame\BowlingGame.csproj", "{C2F4285F-4A51-4FEC-BD0D-A2A46896AEE7}"
EndProject
Project("{FAE04EC0-301F-11D3-BF4B-00C04F79EFBC}") = "BowlingGame.Tests", "BowlingGame.Tests\BowlingGame.Tests.csproj", "{3D4035B6-528D-41AB-981B-E5E915887AB8}"
EndProject
Project("{2150E333-8FDC-42A3-9474-1A3956D46DE8}") = "Solution Items", "Solution Items", "{F6B4AD07-CC7F-4610-A9A6-445F8AAAC0F9}"
	ProjectSection(SolutionItems) = preProject
		Local.testsettings = Local.testsettings
		TheBowlingGameKata.vsmdi = TheBowlingGameKata.vsmdi
		TraceAndTestImpact.testsettings = TraceAndTestImpact.testsettings
	EndProjectSection
EndProject
Global
	GlobalSection(TestCaseManagementSettings) = postSolution
		CategoryFile = TheBowlingGameKata.vsmdi
	EndGlobalSection
	GlobalSection(SolutionConfigurationPlatforms) = preSolution
		Debug|Any CPU = Debug|Any CPU
		Release|Any CPU = Release|Any CPU
	EndGlobalSection
	GlobalSection(ProjectConfigurationPlatforms) = postSolution
		{3D4035B6-528D-41AB-981B-E5E915887AB8}.Debug|Any CPU.ActiveCfg = Debug|Any CPU
		{3D4035B6-528D-41AB-981B-E5E915887AB8}.Debug|Any CPU.Build.0 = Debug|Any CPU
		{3D4035B6-528D-41AB-981B-E5E915887AB8}.Release|Any CPU.ActiveCfg = Release|Any CPU
		{3D4035B6-528D-41AB-981B-E5E915887AB8}.Release|Any CPU.Build.0 = Release|Any CPU
		{C2F4285F-4A51-4FEC-BD0D-A2A46896AEE7}.Debug|Any CPU.ActiveCfg = Debug|Any CPU
		{C2F4285F-4A51-4FEC-BD0D-A2A46896AEE7}.Debug|Any CPU.Build.0 = Debug|Any CPU
		{C2F4285F-4A51-4FEC-BD0D-A2A46896AEE7}.Release|Any CPU.ActiveCfg = Release|Any CPU
		{C2F4285F-4A51-4FEC-BD0D-A2A46896AEE7}.Release|Any CPU.Build.0 = Release|Any CPU
	EndGlobalSection
	GlobalSection(SolutionProperties) = preSolution
		HideSolutionNode = FALSE
	EndGlobalSection
EndGlobal
